// !$*UTF8*$!
{
	archiveVersion = 1;
	classes = {
	};
	objectVersion = 50;
	objects = {

/* Begin PBXBuildFile section */
		3710E4A5246CC67D00D3D5CD /* MembershipCollectionViewCell.swift in Sources */ = {isa = PBXBuildFile; fileRef = 3710E4A4246CC67D00D3D5CD /* MembershipCollectionViewCell.swift */; };
		3710E4A7246CC8D600D3D5CD /* Membership.swift in Sources */ = {isa = PBXBuildFile; fileRef = 3710E4A6246CC8D600D3D5CD /* Membership.swift */; };
		37517096245CE5910001C54E /* RankingTableViewCell.swift in Sources */ = {isa = PBXBuildFile; fileRef = 37517095245CE5910001C54E /* RankingTableViewCell.swift */; };
		37517098245CE6300001C54E /* RankingsTableViewController.swift in Sources */ = {isa = PBXBuildFile; fileRef = 37517097245CE6300001C54E /* RankingsTableViewController.swift */; };
		3751709A245CEF4F0001C54E /* MembershipViewController.swift in Sources */ = {isa = PBXBuildFile; fileRef = 37517099245CEF4F0001C54E /* MembershipViewController.swift */; };
		3752E7BC245C91F8000F0783 /* AppDelegate.swift in Sources */ = {isa = PBXBuildFile; fileRef = 3752E7BB245C91F8000F0783 /* AppDelegate.swift */; };
		3752E7BE245C91F8000F0783 /* SceneDelegate.swift in Sources */ = {isa = PBXBuildFile; fileRef = 3752E7BD245C91F8000F0783 /* SceneDelegate.swift */; };
		3752E7C3245C91F8000F0783 /* Main.storyboard in Resources */ = {isa = PBXBuildFile; fileRef = 3752E7C1245C91F8000F0783 /* Main.storyboard */; };
		3752E7C5245C91FA000F0783 /* Assets.xcassets in Resources */ = {isa = PBXBuildFile; fileRef = 3752E7C4245C91FA000F0783 /* Assets.xcassets */; };
		3752E7C8245C91FA000F0783 /* LaunchScreen.storyboard in Resources */ = {isa = PBXBuildFile; fileRef = 3752E7C6245C91FA000F0783 /* LaunchScreen.storyboard */; };
		3752E7D6245CAF19000F0783 /* NewsTableViewController.swift in Sources */ = {isa = PBXBuildFile; fileRef = 3752E7D5245CAF19000F0783 /* NewsTableViewController.swift */; };
		3752E7D8245CAFBF000F0783 /* ArticleTableViewCell.swift in Sources */ = {isa = PBXBuildFile; fileRef = 3752E7D7245CAFBF000F0783 /* ArticleTableViewCell.swift */; };
		3752E7DA245CCFB0000F0783 /* PodcastTableViewCell.swift in Sources */ = {isa = PBXBuildFile; fileRef = 3752E7D9245CCFB0000F0783 /* PodcastTableViewCell.swift */; };
		3752E7DC245CD16B000F0783 /* PodcastViewController.swift in Sources */ = {isa = PBXBuildFile; fileRef = 3752E7DB245CD16B000F0783 /* PodcastViewController.swift */; };
/* End PBXBuildFile section */

/* Begin PBXFileReference section */
		3710E4A4246CC67D00D3D5CD /* MembershipCollectionViewCell.swift */ = {isa = PBXFileReference; lastKnownFileType = sourcecode.swift; path = MembershipCollectionViewCell.swift; sourceTree = "<group>"; };
		3710E4A6246CC8D600D3D5CD /* Membership.swift */ = {isa = PBXFileReference; lastKnownFileType = sourcecode.swift; path = Membership.swift; sourceTree = "<group>"; };
		37517095245CE5910001C54E /* RankingTableViewCell.swift */ = {isa = PBXFileReference; lastKnownFileType = sourcecode.swift; path = RankingTableViewCell.swift; sourceTree = "<group>"; };
		37517097245CE6300001C54E /* RankingsTableViewController.swift */ = {isa = PBXFileReference; lastKnownFileType = sourcecode.swift; path = RankingsTableViewController.swift; sourceTree = "<group>"; };
		37517099245CEF4F0001C54E /* MembershipViewController.swift */ = {isa = PBXFileReference; lastKnownFileType = sourcecode.swift; path = MembershipViewController.swift; sourceTree = "<group>"; };
		3752E7B8245C91F8000F0783 /* JBB.app */ = {isa = PBXFileReference; explicitFileType = wrapper.application; includeInIndex = 0; path = JBB.app; sourceTree = BUILT_PRODUCTS_DIR; };
		3752E7BB245C91F8000F0783 /* AppDelegate.swift */ = {isa = PBXFileReference; lastKnownFileType = sourcecode.swift; path = AppDelegate.swift; sourceTree = "<group>"; };
		3752E7BD245C91F8000F0783 /* SceneDelegate.swift */ = {isa = PBXFileReference; lastKnownFileType = sourcecode.swift; path = SceneDelegate.swift; sourceTree = "<group>"; };
		3752E7C2245C91F8000F0783 /* Base */ = {isa = PBXFileReference; lastKnownFileType = file.storyboard; name = Base; path = Base.lproj/Main.storyboard; sourceTree = "<group>"; };
		3752E7C4245C91FA000F0783 /* Assets.xcassets */ = {isa = PBXFileReference; lastKnownFileType = folder.assetcatalog; path = Assets.xcassets; sourceTree = "<group>"; };
		3752E7C7245C91FA000F0783 /* Base */ = {isa = PBXFileReference; lastKnownFileType = file.storyboard; name = Base; path = Base.lproj/LaunchScreen.storyboard; sourceTree = "<group>"; };
		3752E7C9245C91FA000F0783 /* Info.plist */ = {isa = PBXFileReference; lastKnownFileType = text.plist.xml; path = Info.plist; sourceTree = "<group>"; };
		3752E7D5245CAF19000F0783 /* NewsTableViewController.swift */ = {isa = PBXFileReference; lastKnownFileType = sourcecode.swift; path = NewsTableViewController.swift; sourceTree = "<group>"; };
		3752E7D7245CAFBF000F0783 /* ArticleTableViewCell.swift */ = {isa = PBXFileReference; lastKnownFileType = sourcecode.swift; path = ArticleTableViewCell.swift; sourceTree = "<group>"; };
		3752E7D9245CCFB0000F0783 /* PodcastTableViewCell.swift */ = {isa = PBXFileReference; lastKnownFileType = sourcecode.swift; path = PodcastTableViewCell.swift; sourceTree = "<group>"; };
		3752E7DB245CD16B000F0783 /* PodcastViewController.swift */ = {isa = PBXFileReference; lastKnownFileType = sourcecode.swift; path = PodcastViewController.swift; sourceTree = "<group>"; };
/* End PBXFileReference section */

/* Begin PBXFrameworksBuildPhase section */
		3752E7B5245C91F8000F0783 /* Frameworks */ = {
			isa = PBXFrameworksBuildPhase;
			buildActionMask = 2147483647;
			files = (
			);
			runOnlyForDeploymentPostprocessing = 0;
		};
/* End PBXFrameworksBuildPhase section */

/* Begin PBXGroup section */
		3752E7AF245C91F8000F0783 = {
			isa = PBXGroup;
			children = (
				3752E7BA245C91F8000F0783 /* JBB */,
				3752E7B9245C91F8000F0783 /* Products */,
			);
			sourceTree = "<group>";
		};
		3752E7B9245C91F8000F0783 /* Products */ = {
			isa = PBXGroup;
			children = (
				3752E7B8245C91F8000F0783 /* JBB.app */,
			);
			name = Products;
			sourceTree = "<group>";
		};
		3752E7BA245C91F8000F0783 /* JBB */ = {
			isa = PBXGroup;
			children = (
				3752E7D4245C9210000F0783 /* App Lifecycle */,
				3752E7D3245C920D000F0783 /* Models */,
				3752E7D2245C920B000F0783 /* Views */,
				3752E7D1245C9208000F0783 /* View Controllers */,
				3752E7D0245C9206000F0783 /* Storyboards */,
				3752E7CF245C9204000F0783 /* Resources */,
			);
			path = JBB;
			sourceTree = "<group>";
		};
		3752E7CF245C9204000F0783 /* Resources */ = {
			isa = PBXGroup;
			children = (
				3752E7C4245C91FA000F0783 /* Assets.xcassets */,
				3752E7C9245C91FA000F0783 /* Info.plist */,
			);
			name = Resources;
			sourceTree = "<group>";
		};
		3752E7D0245C9206000F0783 /* Storyboards */ = {
			isa = PBXGroup;
			children = (
				3752E7C1245C91F8000F0783 /* Main.storyboard */,
				3752E7C6245C91FA000F0783 /* LaunchScreen.storyboard */,
			);
			name = Storyboards;
			sourceTree = "<group>";
		};
		3752E7D1245C9208000F0783 /* View Controllers */ = {
			isa = PBXGroup;
			children = (
				3752E7D5245CAF19000F0783 /* NewsTableViewController.swift */,
				3752E7DB245CD16B000F0783 /* PodcastViewController.swift */,
				37517097245CE6300001C54E /* RankingsTableViewController.swift */,
				37517099245CEF4F0001C54E /* MembershipViewController.swift */,
			);
			name = "View Controllers";
			sourceTree = "<group>";
		};
		3752E7D2245C920B000F0783 /* Views */ = {
			isa = PBXGroup;
			children = (
				3752E7D7245CAFBF000F0783 /* ArticleTableViewCell.swift */,
				3752E7D9245CCFB0000F0783 /* PodcastTableViewCell.swift */,
				37517095245CE5910001C54E /* RankingTableViewCell.swift */,
				3710E4A4246CC67D00D3D5CD /* MembershipCollectionViewCell.swift */,
			);
			name = Views;
			sourceTree = "<group>";
		};
		3752E7D3245C920D000F0783 /* Models */ = {
			isa = PBXGroup;
			children = (
				3710E4A6246CC8D600D3D5CD /* Membership.swift */,
			);
			name = Models;
			sourceTree = "<group>";
		};
		3752E7D4245C9210000F0783 /* App Lifecycle */ = {
			isa = PBXGroup;
			children = (
				3752E7BB245C91F8000F0783 /* AppDelegate.swift */,
				3752E7BD245C91F8000F0783 /* SceneDelegate.swift */,
			);
			name = "App Lifecycle";
			sourceTree = "<group>";
		};
/* End PBXGroup section */

/* Begin PBXNativeTarget section */
		3752E7B7245C91F8000F0783 /* JBB */ = {
			isa = PBXNativeTarget;
			buildConfigurationList = 3752E7CC245C91FA000F0783 /* Build configuration list for PBXNativeTarget "JBB" */;
			buildPhases = (
				3752E7B4245C91F8000F0783 /* Sources */,
				3752E7B5245C91F8000F0783 /* Frameworks */,
				3752E7B6245C91F8000F0783 /* Resources */,
			);
			buildRules = (
			);
			dependencies = (
			);
			name = JBB;
			productName = JBB;
			productReference = 3752E7B8245C91F8000F0783 /* JBB.app */;
			productType = "com.apple.product-type.application";
		};
/* End PBXNativeTarget section */

/* Begin PBXProject section */
		3752E7B0245C91F8000F0783 /* Project object */ = {
			isa = PBXProject;
			attributes = {
				LastSwiftUpdateCheck = 1140;
				LastUpgradeCheck = 1140;
				ORGANIZATIONNAME = "Bobby Keffury";
				TargetAttributes = {
					3752E7B7245C91F8000F0783 = {
						CreatedOnToolsVersion = 11.4.1;
					};
				};
			};
			buildConfigurationList = 3752E7B3245C91F8000F0783 /* Build configuration list for PBXProject "JBB" */;
			compatibilityVersion = "Xcode 9.3";
			developmentRegion = en;
			hasScannedForEncodings = 0;
			knownRegions = (
				en,
				Base,
			);
			mainGroup = 3752E7AF245C91F8000F0783;
			productRefGroup = 3752E7B9245C91F8000F0783 /* Products */;
			projectDirPath = "";
			projectRoot = "";
			targets = (
				3752E7B7245C91F8000F0783 /* JBB */,
			);
		};
/* End PBXProject section */

/* Begin PBXResourcesBuildPhase section */
		3752E7B6245C91F8000F0783 /* Resources */ = {
			isa = PBXResourcesBuildPhase;
			buildActionMask = 2147483647;
			files = (
				3752E7C8245C91FA000F0783 /* LaunchScreen.storyboard in Resources */,
				3752E7C5245C91FA000F0783 /* Assets.xcassets in Resources */,
				3752E7C3245C91F8000F0783 /* Main.storyboard in Resources */,
			);
			runOnlyForDeploymentPostprocessing = 0;
		};
/* End PBXResourcesBuildPhase section */

/* Begin PBXSourcesBuildPhase section */
		3752E7B4245C91F8000F0783 /* Sources */ = {
			isa = PBXSourcesBuildPhase;
			buildActionMask = 2147483647;
			files = (
				37517098245CE6300001C54E /* RankingsTableViewController.swift in Sources */,
				3752E7D8245CAFBF000F0783 /* ArticleTableViewCell.swift in Sources */,
				3752E7BC245C91F8000F0783 /* AppDelegate.swift in Sources */,
				3751709A245CEF4F0001C54E /* MembershipViewController.swift in Sources */,
				3752E7BE245C91F8000F0783 /* SceneDelegate.swift in Sources */,
				3752E7DC245CD16B000F0783 /* PodcastViewController.swift in Sources */,
				3710E4A5246CC67D00D3D5CD /* MembershipCollectionViewCell.swift in Sources */,
				37517096245CE5910001C54E /* RankingTableViewCell.swift in Sources */,
				3752E7DA245CCFB0000F0783 /* PodcastTableViewCell.swift in Sources */,
				3710E4A7246CC8D600D3D5CD /* Membership.swift in Sources */,
				3752E7D6245CAF19000F0783 /* NewsTableViewController.swift in Sources */,
			);
			runOnlyForDeploymentPostprocessing = 0;
		};
/* End PBXSourcesBuildPhase section */

/* Begin PBXVariantGroup section */
		3752E7C1245C91F8000F0783 /* Main.storyboard */ = {
			isa = PBXVariantGroup;
			children = (
				3752E7C2245C91F8000F0783 /* Base */,
			);
			name = Main.storyboard;
			sourceTree = "<group>";
		};
		3752E7C6245C91FA000F0783 /* LaunchScreen.storyboard */ = {
			isa = PBXVariantGroup;
			children = (
				3752E7C7245C91FA000F0783 /* Base */,
			);
			name = LaunchScreen.storyboard;
			sourceTree = "<group>";
		};
/* End PBXVariantGroup section */

/* Begin XCBuildConfiguration section */
		3752E7CA245C91FA000F0783 /* Debug */ = {
			isa = XCBuildConfiguration;
			buildSettings = {
				ALWAYS_SEARCH_USER_PATHS = NO;
				CLANG_ANALYZER_NONNULL = YES;
				CLANG_ANALYZER_NUMBER_OBJECT_CONVERSION = YES_AGGRESSIVE;
				CLANG_CXX_LANGUAGE_STANDARD = "gnu++14";
				CLANG_CXX_LIBRARY = "libc++";
				CLANG_ENABLE_MODULES = YES;
				CLANG_ENABLE_OBJC_ARC = YES;
				CLANG_ENABLE_OBJC_WEAK = YES;
				CLANG_WARN_BLOCK_CAPTURE_AUTORELEASING = YES;
				CLANG_WARN_BOOL_CONVERSION = YES;
				CLANG_WARN_COMMA = YES;
				CLANG_WARN_CONSTANT_CONVERSION = YES;
				CLANG_WARN_DEPRECATED_OBJC_IMPLEMENTATIONS = YES;
				CLANG_WARN_DIRECT_OBJC_ISA_USAGE = YES_ERROR;
				CLANG_WARN_DOCUMENTATION_COMMENTS = YES;
				CLANG_WARN_EMPTY_BODY = YES;
				CLANG_WARN_ENUM_CONVERSION = YES;
				CLANG_WARN_INFINITE_RECURSION = YES;
				CLANG_WARN_INT_CONVERSION = YES;
				CLANG_WARN_NON_LITERAL_NULL_CONVERSION = YES;
				CLANG_WARN_OBJC_IMPLICIT_RETAIN_SELF = YES;
				CLANG_WARN_OBJC_LITERAL_CONVERSION = YES;
				CLANG_WARN_OBJC_ROOT_CLASS = YES_ERROR;
				CLANG_WARN_RANGE_LOOP_ANALYSIS = YES;
				CLANG_WARN_STRICT_PROTOTYPES = YES;
				CLANG_WARN_SUSPICIOUS_MOVE = YES;
				CLANG_WARN_UNGUARDED_AVAILABILITY = YES_AGGRESSIVE;
				CLANG_WARN_UNREACHABLE_CODE = YES;
				CLANG_WARN__DUPLICATE_METHOD_MATCH = YES;
				COPY_PHASE_STRIP = NO;
				DEBUG_INFORMATION_FORMAT = dwarf;
				ENABLE_STRICT_OBJC_MSGSEND = YES;
				ENABLE_TESTABILITY = YES;
				GCC_C_LANGUAGE_STANDARD = gnu11;
				GCC_DYNAMIC_NO_PIC = NO;
				GCC_NO_COMMON_BLOCKS = YES;
				GCC_OPTIMIZATION_LEVEL = 0;
				GCC_PREPROCESSOR_DEFINITIONS = (
					"DEBUG=1",
					"$(inherited)",
				);
				GCC_WARN_64_TO_32_BIT_CONVERSION = YES;
				GCC_WARN_ABOUT_RETURN_TYPE = YES_ERROR;
				GCC_WARN_UNDECLARED_SELECTOR = YES;
				GCC_WARN_UNINITIALIZED_AUTOS = YES_AGGRESSIVE;
				GCC_WARN_UNUSED_FUNCTION = YES;
				GCC_WARN_UNUSED_VARIABLE = YES;
				IPHONEOS_DEPLOYMENT_TARGET = 13.4;
				MTL_ENABLE_DEBUG_INFO = INCLUDE_SOURCE;
				MTL_FAST_MATH = YES;
				ONLY_ACTIVE_ARCH = YES;
				SDKROOT = iphoneos;
				SWIFT_ACTIVE_COMPILATION_CONDITIONS = DEBUG;
				SWIFT_OPTIMIZATION_LEVEL = "-Onone";
			};
			name = Debug;
		};
		3752E7CB245C91FA000F0783 /* Release */ = {
			isa = XCBuildConfiguration;
			buildSettings = {
				ALWAYS_SEARCH_USER_PATHS = NO;
				CLANG_ANALYZER_NONNULL = YES;
				CLANG_ANALYZER_NUMBER_OBJECT_CONVERSION = YES_AGGRESSIVE;
				CLANG_CXX_LANGUAGE_STANDARD = "gnu++14";
				CLANG_CXX_LIBRARY = "libc++";
				CLANG_ENABLE_MODULES = YES;
				CLANG_ENABLE_OBJC_ARC = YES;
				CLANG_ENABLE_OBJC_WEAK = YES;
				CLANG_WARN_BLOCK_CAPTURE_AUTORELEASING = YES;
				CLANG_WARN_BOOL_CONVERSION = YES;
				CLANG_WARN_COMMA = YES;
				CLANG_WARN_CONSTANT_CONVERSION = YES;
				CLANG_WARN_DEPRECATED_OBJC_IMPLEMENTATIONS = YES;
				CLANG_WARN_DIRECT_OBJC_ISA_USAGE = YES_ERROR;
				CLANG_WARN_DOCUMENTATION_COMMENTS = YES;
				CLANG_WARN_EMPTY_BODY = YES;
				CLANG_WARN_ENUM_CONVERSION = YES;
				CLANG_WARN_INFINITE_RECURSION = YES;
				CLANG_WARN_INT_CONVERSION = YES;
				CLANG_WARN_NON_LITERAL_NULL_CONVERSION = YES;
				CLANG_WARN_OBJC_IMPLICIT_RETAIN_SELF = YES;
				CLANG_WARN_OBJC_LITERAL_CONVERSION = YES;
				CLANG_WARN_OBJC_ROOT_CLASS = YES_ERROR;
				CLANG_WARN_RANGE_LOOP_ANALYSIS = YES;
				CLANG_WARN_STRICT_PROTOTYPES = YES;
				CLANG_WARN_SUSPICIOUS_MOVE = YES;
				CLANG_WARN_UNGUARDED_AVAILABILITY = YES_AGGRESSIVE;
				CLANG_WARN_UNREACHABLE_CODE = YES;
				CLANG_WARN__DUPLICATE_METHOD_MATCH = YES;
				COPY_PHASE_STRIP = NO;
				DEBUG_INFORMATION_FORMAT = "dwarf-with-dsym";
				ENABLE_NS_ASSERTIONS = NO;
				ENABLE_STRICT_OBJC_MSGSEND = YES;
				GCC_C_LANGUAGE_STANDARD = gnu11;
				GCC_NO_COMMON_BLOCKS = YES;
				GCC_WARN_64_TO_32_BIT_CONVERSION = YES;
				GCC_WARN_ABOUT_RETURN_TYPE = YES_ERROR;
				GCC_WARN_UNDECLARED_SELECTOR = YES;
				GCC_WARN_UNINITIALIZED_AUTOS = YES_AGGRESSIVE;
				GCC_WARN_UNUSED_FUNCTION = YES;
				GCC_WARN_UNUSED_VARIABLE = YES;
				IPHONEOS_DEPLOYMENT_TARGET = 13.4;
				MTL_ENABLE_DEBUG_INFO = NO;
				MTL_FAST_MATH = YES;
				SDKROOT = iphoneos;
				SWIFT_COMPILATION_MODE = wholemodule;
				SWIFT_OPTIMIZATION_LEVEL = "-O";
				VALIDATE_PRODUCT = YES;
			};
			name = Release;
		};
		3752E7CD245C91FA000F0783 /* Debug */ = {
			isa = XCBuildConfiguration;
			buildSettings = {
				ASSETCATALOG_COMPILER_APPICON_NAME = AppIcon;
				CODE_SIGN_STYLE = Automatic;
				DEVELOPMENT_TEAM = TFT6PV3RZ7;
				INFOPLIST_FILE = JBB/Info.plist;
				IPHONEOS_DEPLOYMENT_TARGET = 13.0;
				LD_RUNPATH_SEARCH_PATHS = (
					"$(inherited)",
					"@executable_path/Frameworks",
				);
				PRODUCT_BUNDLE_IDENTIFIER = com.BobbyKeffury.JBB;
				PRODUCT_NAME = "$(TARGET_NAME)";
				SWIFT_VERSION = 5.0;
				TARGETED_DEVICE_FAMILY = 1;
			};
			name = Debug;
		};
		3752E7CE245C91FA000F0783 /* Release */ = {
			isa = XCBuildConfiguration;
			buildSettings = {
				ASSETCATALOG_COMPILER_APPICON_NAME = AppIcon;
				CODE_SIGN_STYLE = Automatic;
				DEVELOPMENT_TEAM = TFT6PV3RZ7;
				INFOPLIST_FILE = JBB/Info.plist;
				IPHONEOS_DEPLOYMENT_TARGET = 13.0;
				LD_RUNPATH_SEARCH_PATHS = (
					"$(inherited)",
					"@executable_path/Frameworks",
				);
				PRODUCT_BUNDLE_IDENTIFIER = com.BobbyKeffury.JBB;
				PRODUCT_NAME = "$(TARGET_NAME)";
				SWIFT_VERSION = 5.0;
				TARGETED_DEVICE_FAMILY = 1;
			};
			name = Release;
		};
/* End XCBuildConfiguration section */

/* Begin XCConfigurationList section */
		3752E7B3245C91F8000F0783 /* Build configuration list for PBXProject "JBB" */ = {
			isa = XCConfigurationList;
			buildConfigurations = (
				3752E7CA245C91FA000F0783 /* Debug */,
				3752E7CB245C91FA000F0783 /* Release */,
			);
			defaultConfigurationIsVisible = 0;
			defaultConfigurationName = Release;
		};
		3752E7CC245C91FA000F0783 /* Build configuration list for PBXNativeTarget "JBB" */ = {
			isa = XCConfigurationList;
			buildConfigurations = (
				3752E7CD245C91FA000F0783 /* Debug */,
				3752E7CE245C91FA000F0783 /* Release */,
			);
			defaultConfigurationIsVisible = 0;
			defaultConfigurationName = Release;
		};
/* End XCConfigurationList section */
	};
	rootObject = 3752E7B0245C91F8000F0783 /* Project object */;
}
